// !$*UTF8*$!
{
	archiveVersion = 1;
	classes = {
	};
	objectVersion = 46;
	objects = {

/* Begin PBXBuildFile section */
		62BA751A1CCFA62B005061BB /* AppDelegate.swift in Sources */ = {isa = PBXBuildFile; fileRef = 62BA75191CCFA62B005061BB /* AppDelegate.swift */; };
		62BA751C1CCFA62B005061BB /* ViewController.swift in Sources */ = {isa = PBXBuildFile; fileRef = 62BA751B1CCFA62B005061BB /* ViewController.swift */; };
		62BA751F1CCFA62B005061BB /* Main.storyboard in Resources */ = {isa = PBXBuildFile; fileRef = 62BA751D1CCFA62B005061BB /* Main.storyboard */; };
		62BA75211CCFA62B005061BB /* Assets.xcassets in Resources */ = {isa = PBXBuildFile; fileRef = 62BA75201CCFA62B005061BB /* Assets.xcassets */; };
		62BA75241CCFA62B005061BB /* LaunchScreen.storyboard in Resources */ = {isa = PBXBuildFile; fileRef = 62BA75221CCFA62B005061BB /* LaunchScreen.storyboard */; };
/* End PBXBuildFile section */

/* Begin PBXFileReference section */
		62BA75161CCFA62B005061BB /* TMDT-Tour1-SV3.app */ = {isa = PBXFileReference; explicitFileType = wrapper.application; includeInIndex = 0; path = "TMDT-Tour1-SV3.app"; sourceTree = BUILT_PRODUCTS_DIR; };
		62BA75191CCFA62B005061BB /* AppDelegate.swift */ = {isa = PBXFileReference; lastKnownFileType = sourcecode.swift; path = AppDelegate.swift; sourceTree = "<group>"; };
		62BA751B1CCFA62B005061BB /* ViewController.swift */ = {isa = PBXFileReference; lastKnownFileType = sourcecode.swift; path = ViewController.swift; sourceTree = "<group>"; };
		62BA751E1CCFA62B005061BB /* Base */ = {isa = PBXFileReference; lastKnownFileType = file.storyboard; name = Base; path = Base.lproj/Main.storyboard; sourceTree = "<group>"; };
		62BA75201CCFA62B005061BB /* Assets.xcassets */ = {isa = PBXFileReference; lastKnownFileType = folder.assetcatalog; path = Assets.xcassets; sourceTree = "<group>"; };
		62BA75231CCFA62B005061BB /* Base */ = {isa = PBXFileReference; lastKnownFileType = file.storyboard; name = Base; path = Base.lproj/LaunchScreen.storyboard; sourceTree = "<group>"; };
		62BA75251CCFA62B005061BB /* Info.plist */ = {isa = PBXFileReference; lastKnownFileType = text.plist.xml; path = Info.plist; sourceTree = "<group>"; };
/* End PBXFileReference section */

/* Begin PBXFrameworksBuildPhase section */
		62BA75131CCFA62B005061BB /* Frameworks */ = {
			isa = PBXFrameworksBuildPhase;
			buildActionMask = 2147483647;
			files = (
			);
			runOnlyForDeploymentPostprocessing = 0;
		};
/* End PBXFrameworksBuildPhase section */

/* Begin PBXGroup section */
		62BA750D1CCFA62B005061BB = {
			isa = PBXGroup;
			children = (
				62BA75181CCFA62B005061BB /* TMDT-Tour1-SV3 */,
				62BA75171CCFA62B005061BB /* Products */,
			);
			sourceTree = "<group>";
		};
		62BA75171CCFA62B005061BB /* Products */ = {
			isa = PBXGroup;
			children = (
				62BA75161CCFA62B005061BB /* TMDT-Tour1-SV3.app */,
			);
			name = Products;
			sourceTree = "<group>";
		};
		62BA75181CCFA62B005061BB /* TMDT-Tour1-SV3 */ = {
			isa = PBXGroup;
			children = (
				62BA75191CCFA62B005061BB /* AppDelegate.swift */,
				62BA751B1CCFA62B005061BB /* ViewController.swift */,
				62BA751D1CCFA62B005061BB /* Main.storyboard */,
				62BA75201CCFA62B005061BB /* Assets.xcassets */,
				62BA75221CCFA62B005061BB /* LaunchScreen.storyboard */,
				62BA75251CCFA62B005061BB /* Info.plist */,
			);
			path = "TMDT-Tour1-SV3";
			sourceTree = "<group>";
		};
/* End PBXGroup section */

/* Begin PBXNativeTarget section */
		62BA75151CCFA62B005061BB /* TMDT-Tour1-SV3 */ = {
			isa = PBXNativeTarget;
			buildConfigurationList = 62BA75281CCFA62B005061BB /* Build configuration list for PBXNativeTarget "TMDT-Tour1-SV3" */;
			buildPhases = (
				62BA75121CCFA62B005061BB /* Sources */,
				62BA75131CCFA62B005061BB /* Frameworks */,
				62BA75141CCFA62B005061BB /* Resources */,
			);
			buildRules = (
			);
			dependencies = (
			);
			name = "TMDT-Tour1-SV3";
			productName = "TMDT-Tour1-SV3";
			productReference = 62BA75161CCFA62B005061BB /* TMDT-Tour1-SV3.app */;
			productType = "com.apple.product-type.application";
		};
/* End PBXNativeTarget section */

/* Begin PBXProject section */
		62BA750E1CCFA62B005061BB /* Project object */ = {
			isa = PBXProject;
			attributes = {
				LastSwiftUpdateCheck = 0730;
				LastUpgradeCheck = 0730;
				ORGANIZATIONNAME = com.phucng;
				TargetAttributes = {
					62BA75151CCFA62B005061BB = {
						CreatedOnToolsVersion = 7.3;
						DevelopmentTeam = 3X8QMJ2C7H;
					};
				};
			};
			buildConfigurationList = 62BA75111CCFA62B005061BB /* Build configuration list for PBXProject "TMDT-Tour1-SV3" */;
			compatibilityVersion = "Xcode 3.2";
			developmentRegion = English;
			hasScannedForEncodings = 0;
			knownRegions = (
				en,
				Base,
			);
			mainGroup = 62BA750D1CCFA62B005061BB;
			productRefGroup = 62BA75171CCFA62B005061BB /* Products */;
			projectDirPath = "";
			projectRoot = "";
			targets = (
				62BA75151CCFA62B005061BB /* TMDT-Tour1-SV3 */,
			);
		};
/* End PBXProject section */

/* Begin PBXResourcesBuildPhase section */
		62BA75141CCFA62B005061BB /* Resources */ = {
			isa = PBXResourcesBuildPhase;
			buildActionMask = 2147483647;
			files = (
				62BA75241CCFA62B005061BB /* LaunchScreen.storyboard in Resources */,
				62BA75211CCFA62B005061BB /* Assets.xcassets in Resources */,
				62BA751F1CCFA62B005061BB /* Main.storyboard in Resources */,
			);
			runOnlyForDeploymentPostprocessing = 0;
		};
/* End PBXResourcesBuildPhase section */

/* Begin PBXSourcesBuildPhase section */
		62BA75121CCFA62B005061BB /* Sources */ = {
			isa = PBXSourcesBuildPhase;
			buildActionMask = 2147483647;
			files = (
				62BA751C1CCFA62B005061BB /* ViewController.swift in Sources */,
				62BA751A1CCFA62B005061BB /* AppDelegate.swift in Sources */,
			);
			runOnlyForDeploymentPostprocessing = 0;
		};
/* End PBXSourcesBuildPhase section */

/* Begin PBXVariantGroup section */
		62BA751D1CCFA62B005061BB /* Main.storyboard */ = {
			isa = PBXVariantGroup;
			children = (
				62BA751E1CCFA62B005061BB /* Base */,
			);
			name = Main.storyboard;
			sourceTree = "<group>";
		};
		62BA75221CCFA62B005061BB /* LaunchScreen.storyboard */ = {
			isa = PBXVariantGroup;
			children = (
				62BA75231CCFA62B005061BB /* Base */,
			);
			name = LaunchScreen.storyboard;
			sourceTree = "<group>";
		};
/* End PBXVariantGroup section */

/* Begin XCBuildConfiguration section */
		62BA75261CCFA62B005061BB /* Debug */ = {
			isa = XCBuildConfiguration;
			buildSettings = {
				ALWAYS_SEARCH_USER_PATHS = NO;
				CLANG_ANALYZER_NONNULL = YES;
				CLANG_CXX_LANGUAGE_STANDARD = "gnu++0x";
				CLANG_CXX_LIBRARY = "libc++";
				CLANG_ENABLE_MODULES = YES;
				CLANG_ENABLE_OBJC_ARC = YES;
				CLANG_WARN_BOOL_CONVERSION = YES;
				CLANG_WARN_CONSTANT_CONVERSION = YES;
				CLANG_WARN_DIRECT_OBJC_ISA_USAGE = YES_ERROR;
				CLANG_WARN_EMPTY_BODY = YES;
				CLANG_WARN_ENUM_CONVERSION = YES;
				CLANG_WARN_INT_CONVERSION = YES;
				CLANG_WARN_OBJC_ROOT_CLASS = YES_ERROR;
				CLANG_WARN_UNREACHABLE_CODE = YES;
				CLANG_WARN__DUPLICATE_METHOD_MATCH = YES;
				"CODE_SIGN_IDENTITY[sdk=iphoneos*]" = "iPhone Developer";
				COPY_PHASE_STRIP = NO;
				DEBUG_INFORMATION_FORMAT = dwarf;
				ENABLE_STRICT_OBJC_MSGSEND = YES;
				ENABLE_TESTABILITY = YES;
				GCC_C_LANGUAGE_STANDARD = gnu99;
				GCC_DYNAMIC_NO_PIC = NO;
				GCC_NO_COMMON_BLOCKS = YES;
				GCC_OPTIMIZATION_LEVEL = 0;
				GCC_PREPROCESSOR_DEFINITIONS = (
					"DEBUG=1",
					"$(inherited)",
				);
				GCC_WARN_64_TO_32_BIT_CONVERSION = YES;
				GCC_WARN_ABOUT_RETURN_TYPE = YES_ERROR;
				GCC_WARN_UNDECLARED_SELECTOR = YES;
				GCC_WARN_UNINITIALIZED_AUTOS = YES_AGGRESSIVE;
				GCC_WARN_UNUSED_FUNCTION = YES;
				GCC_WARN_UNUSED_VARIABLE = YES;
				IPHONEOS_DEPLOYMENT_TARGET = 9.3;
				MTL_ENABLE_DEBUG_INFO = YES;
				ONLY_ACTIVE_ARCH = YES;
				SDKROOT = iphoneos;
				SWIFT_OPTIMIZATION_LEVEL = "-Onone";
			};
			name = Debug;
		};
		62BA75271CCFA62B005061BB /* Release */ = {
			isa = XCBuildConfiguration;
			buildSettings = {
				ALWAYS_SEARCH_USER_PATHS = NO;
				CLANG_ANALYZER_NONNULL = YES;
				CLANG_CXX_LANGUAGE_STANDARD = "gnu++0x";
				CLANG_CXX_LIBRARY = "libc++";
				CLANG_ENABLE_MODULES = YES;
				CLANG_ENABLE_OBJC_ARC = YES;
				CLANG_WARN_BOOL_CONVERSION = YES;
				CLANG_WARN_CONSTANT_CONVERSION = YES;
				CLANG_WARN_DIRECT_OBJC_ISA_USAGE = YES_ERROR;
				CLANG_WARN_EMPTY_BODY = YES;
				CLANG_WARN_ENUM_CONVERSION = YES;
				CLANG_WARN_INT_CONVERSION = YES;
				CLANG_WARN_OBJC_ROOT_CLASS = YES_ERROR;
				CLANG_WARN_UNREACHABLE_CODE = YES;
				CLANG_WARN__DUPLICATE_METHOD_MATCH = YES;
				"CODE_SIGN_IDENTITY[sdk=iphoneos*]" = "iPhone Developer";
				COPY_PHASE_STRIP = NO;
				DEBUG_INFORMATION_FORMAT = "dwarf-with-dsym";
				ENABLE_NS_ASSERTIONS = NO;
				ENABLE_STRICT_OBJC_MSGSEND = YES;
				GCC_C_LANGUAGE_STANDARD = gnu99;
				GCC_NO_COMMON_BLOCKS = YES;
				GCC_WARN_64_TO_32_BIT_CONVERSION = YES;
				GCC_WARN_ABOUT_RETURN_TYPE = YES_ERROR;
				GCC_WARN_UNDECLARED_SELECTOR = YES;
				GCC_WARN_UNINITIALIZED_AUTOS = YES_AGGRESSIVE;
				GCC_WARN_UNUSED_FUNCTION = YES;
				GCC_WARN_UNUSED_VARIABLE = YES;
				IPHONEOS_DEPLOYMENT_TARGET = 9.3;
				MTL_ENABLE_DEBUG_INFO = NO;
				SDKROOT = iphoneos;
				VALIDATE_PRODUCT = YES;
			};
			name = Release;
		};
		62BA75291CCFA62B005061BB /* Debug */ = {
			isa = XCBuildConfiguration;
			buildSettings = {
				ASSETCATALOG_COMPILER_APPICON_NAME = AppIcon;
				INFOPLIST_FILE = "TMDT-Tour1-SV3/Info.plist";
				LD_RUNPATH_SEARCH_PATHS = "$(inherited) @executable_path/Frameworks";
				PRODUCT_BUNDLE_IDENTIFIER = "com.phucng.TMDT-Tour1-SV3";
				PRODUCT_NAME = "$(TARGET_NAME)";
			};
			name = Debug;
		};
		62BA752A1CCFA62B005061BB /* Release */ = {
			isa = XCBuildConfiguration;
			buildSettings = {
				ASSETCATALOG_COMPILER_APPICON_NAME = AppIcon;
				INFOPLIST_FILE = "TMDT-Tour1-SV3/Info.plist";
				LD_RUNPATH_SEARCH_PATHS = "$(inherited) @executable_path/Frameworks";
				PRODUCT_BUNDLE_IDENTIFIER = "com.phucng.TMDT-Tour1-SV3";
				PRODUCT_NAME = "$(TARGET_NAME)";
			};
			name = Release;
		};
/* End XCBuildConfiguration section */

/* Begin XCConfigurationList section */
		62BA75111CCFA62B005061BB /* Build configuration list for PBXProject "TMDT-Tour1-SV3" */ = {
			isa = XCConfigurationList;
			buildConfigurations = (
				62BA75261CCFA62B005061BB /* Debug */,
				62BA75271CCFA62B005061BB /* Release */,
			);
			defaultConfigurationIsVisible = 0;
			defaultConfigurationName = Release;
		};
		62BA75281CCFA62B005061BB /* Build configuration list for PBXNativeTarget "TMDT-Tour1-SV3" */ = {
			isa = XCConfigurationList;
			buildConfigurations = (
				62BA75291CCFA62B005061BB /* Debug */,
				62BA752A1CCFA62B005061BB /* Release */,
			);
			defaultConfigurationIsVisible = 0;
		};
/* End XCConfigurationList section */
	};
	rootObject = 62BA750E1CCFA62B005061BB /* Project object */;
}
